{
  "version": "3",
  "packages": {
    "specifiers": {
      "jsr:@std/semver@^1.0.3": "jsr:@std/semver@1.0.3"
    },
    "jsr": {
      "@std/semver@1.0.3": {
        "integrity": "7c139c6076a080eeaa4252c78b95ca5302818d7eafab0470d34cafd9930c13c8"
      }
    }
  },
  "remote": {},
  "workspace": {
    "dependencies": [
      "jsr:@std/semver@^1.0.3"
    ]
  }
}
